
Microsoft Visual Studio Solution File, Format Version 12.00
# Visual Studio 15
VisualStudioVersion = 15.0.28307.645
MinimumVisualStudioVersion = 10.0.40219.1
Project("{FAE04EC0-301F-11D3-BF4B-00C04F79EFBC}") = "Kırtasiye Barkod Programı", "Kırtasiye Barkod Programı\Kırtasiye Barkod Programı.csproj", "{D4047644-760F-41BA-B0DE-C1DE4E5D40CC}"
EndProject
Global
	GlobalSection(SolutionConfigurationPlatforms) = preSolution
		Debug|Any CPU = Debug|Any CPU
		Release|Any CPU = Release|Any CPU
	EndGlobalSection
	GlobalSection(ProjectConfigurationPlatforms) = postSolution
		{D4047644-760F-41BA-B0DE-C1DE4E5D40CC}.Debug|Any CPU.ActiveCfg = Debug|Any CPU
		{D4047644-760F-41BA-B0DE-C1DE4E5D40CC}.Debug|Any CPU.Build.0 = Debug|Any CPU
		{D4047644-760F-41BA-B0DE-C1DE4E5D40CC}.Release|Any CPU.ActiveCfg = Release|Any CPU
		{D4047644-760F-41BA-B0DE-C1DE4E5D40CC}.Release|Any CPU.Build.0 = Release|Any CPU
	EndGlobalSection
	GlobalSection(SolutionProperties) = preSolution
		HideSolutionNode = FALSE
	EndGlobalSection
	GlobalSection(ExtensibilityGlobals) = postSolution
		SolutionGuid = {4E4E9397-5D5F-41B2-AD39-F61EA541FAD6}
	EndGlobalSection
EndGlobal
